// !$*UTF8*$!
{
	archiveVersion = 1;
	classes = {
	};
	objectVersion = 50;
	objects = {

/* Begin PBXBuildFile section */
		005BF04426B295FD00618C3A /* Main.storyboard in Resources */ = {isa = PBXBuildFile; fileRef = 005BF04326B295FD00618C3A /* Main.storyboard */; };
		005BF05026B2988000618C3A /* ListSupportSystem.storyboard in Resources */ = {isa = PBXBuildFile; fileRef = 005BF04F26B2988000618C3A /* ListSupportSystem.storyboard */; };
		005BF05226B29D0700618C3A /* ListSupportSystemViewController.swift in Sources */ = {isa = PBXBuildFile; fileRef = 005BF05126B29D0700618C3A /* ListSupportSystemViewController.swift */; };
		005BF05626B2A76900618C3A /* SupportSystemCell.swift in Sources */ = {isa = PBXBuildFile; fileRef = 005BF05426B2A76900618C3A /* SupportSystemCell.swift */; };
		005BF05726B2A76900618C3A /* SupportSystemCell.xib in Resources */ = {isa = PBXBuildFile; fileRef = 005BF05526B2A76900618C3A /* SupportSystemCell.xib */; };
		005BF05926B2ABA800618C3A /* ListSupportSystemViewController+TableViewDataSource+TableViewDelegate.swift in Sources */ = {isa = PBXBuildFile; fileRef = 005BF05826B2ABA800618C3A /* ListSupportSystemViewController+TableViewDataSource+TableViewDelegate.swift */; };
		0091B07826BE8EB200522D2C /* Recommendation.storyboard in Resources */ = {isa = PBXBuildFile; fileRef = 0091B07726BE8EB200522D2C /* Recommendation.storyboard */; };
		0091B07A26BE8EF600522D2C /* RecommendationViewController.swift in Sources */ = {isa = PBXBuildFile; fileRef = 0091B07926BE8EF600522D2C /* RecommendationViewController.swift */; };
		0091B07C26BE902E00522D2C /* Recommendation+TableViewDataSource+TableViewDelegate.swift in Sources */ = {isa = PBXBuildFile; fileRef = 0091B07B26BE902E00522D2C /* Recommendation+TableViewDataSource+TableViewDelegate.swift */; };
		00B5111826B7D1D100F44394 /* FetchSupportSystemData.swift in Sources */ = {isa = PBXBuildFile; fileRef = 00B5111726B7D1D100F44394 /* FetchSupportSystemData.swift */; };
		00FA70E326B562EF004D6DD3 /* DetailSupportSystem.storyboard in Resources */ = {isa = PBXBuildFile; fileRef = 00FA70E226B562EF004D6DD3 /* DetailSupportSystem.storyboard */; };
		00FA70E526B56313004D6DD3 /* DetailSupportSystemViewController.swift in Sources */ = {isa = PBXBuildFile; fileRef = 00FA70E426B56313004D6DD3 /* DetailSupportSystemViewController.swift */; };
		96121EB526B29199005B57E7 /* AppDelegate.swift in Sources */ = {isa = PBXBuildFile; fileRef = 96121EB426B29199005B57E7 /* AppDelegate.swift */; };
		96121EB726B29199005B57E7 /* SceneDelegate.swift in Sources */ = {isa = PBXBuildFile; fileRef = 96121EB626B29199005B57E7 /* SceneDelegate.swift */; };
		96121EC126B29199005B57E7 /* Assets.xcassets in Resources */ = {isa = PBXBuildFile; fileRef = 96121EC026B29199005B57E7 /* Assets.xcassets */; };
		96121EC426B29199005B57E7 /* LaunchScreen.storyboard in Resources */ = {isa = PBXBuildFile; fileRef = 96121EC226B29199005B57E7 /* LaunchScreen.storyboard */; };
		9640AC5926B69A8B00AE205F /* CureHeart.xcdatamodeld in Sources */ = {isa = PBXBuildFile; fileRef = 9640AC5726B69A8B00AE205F /* CureHeart.xcdatamodeld */; };
		9640AC5C26B6A09600AE205F /* RecordingModel.swift in Sources */ = {isa = PBXBuildFile; fileRef = 9640AC5B26B6A09600AE205F /* RecordingModel.swift */; };
		9640AC5E26B6A0B900AE205F /* Response.swift in Sources */ = {isa = PBXBuildFile; fileRef = 9640AC5D26B6A0B900AE205F /* Response.swift */; };
		9640AC6126B6A10900AE205F /* DateTimeHelper.swift in Sources */ = {isa = PBXBuildFile; fileRef = 9640AC6026B6A10900AE205F /* DateTimeHelper.swift */; };
		9640AC6326B6A2B400AE205F /* FolderModel.swift in Sources */ = {isa = PBXBuildFile; fileRef = 9640AC6226B6A2B400AE205F /* FolderModel.swift */; };
		9640AC6626B6A5BE00AE205F /* FolderCell.swift in Sources */ = {isa = PBXBuildFile; fileRef = 9640AC6426B6A5BE00AE205F /* FolderCell.swift */; };
		9640AC6726B6A5BE00AE205F /* FolderCell.xib in Resources */ = {isa = PBXBuildFile; fileRef = 9640AC6526B6A5BE00AE205F /* FolderCell.xib */; };
		9684042F26B4284C00FA0A58 /* Recording.storyboard in Resources */ = {isa = PBXBuildFile; fileRef = 9684042E26B4284C00FA0A58 /* Recording.storyboard */; };
		9684043126B4291D00FA0A58 /* RecordingController.swift in Sources */ = {isa = PBXBuildFile; fileRef = 9684043026B4291D00FA0A58 /* RecordingController.swift */; };
		9684043426B42B4200FA0A58 /* AGManager.swift in Sources */ = {isa = PBXBuildFile; fileRef = 9684043326B42B4200FA0A58 /* AGManager.swift */; };
		9684043626B42B9F00FA0A58 /* AGAudioRecorder.swift in Sources */ = {isa = PBXBuildFile; fileRef = 9684043526B42B9F00FA0A58 /* AGAudioRecorder.swift */; };
		9684043826B42BB700FA0A58 /* AGAudioPlayer.swift in Sources */ = {isa = PBXBuildFile; fileRef = 9684043726B42BB700FA0A58 /* AGAudioPlayer.swift */; };
		9684043A26B42BCE00FA0A58 /* AGFileManager.swift in Sources */ = {isa = PBXBuildFile; fileRef = 9684043926B42BCE00FA0A58 /* AGFileManager.swift */; };
		9684043E26B5619600FA0A58 /* SafePlace.storyboard in Resources */ = {isa = PBXBuildFile; fileRef = 9684043D26B5619600FA0A58 /* SafePlace.storyboard */; };
		9699B98326B9347F00F83A4A /* PathHelper.swift in Sources */ = {isa = PBXBuildFile; fileRef = 9699B98226B9347F00F83A4A /* PathHelper.swift */; };
		96A0970226C12F4C00F7B42F /* NoRecommendation.storyboard in Resources */ = {isa = PBXBuildFile; fileRef = 96A0970126C12F4C00F7B42F /* NoRecommendation.storyboard */; };
		96A0970426C12F7C00F7B42F /* NoRecommendationViewController.swift in Sources */ = {isa = PBXBuildFile; fileRef = 96A0970326C12F7C00F7B42F /* NoRecommendationViewController.swift */; };
		96A4BAAE26B6A9C900727880 /* UITableHelper.swift in Sources */ = {isa = PBXBuildFile; fileRef = 96A4BAAD26B6A9C900727880 /* UITableHelper.swift */; };
		96A4BAB026B6AA0B00727880 /* AlertHelper.swift in Sources */ = {isa = PBXBuildFile; fileRef = 96A4BAAF26B6AA0B00727880 /* AlertHelper.swift */; };
		96A4BAB626B6ABCF00727880 /* SafePlaceController.swift in Sources */ = {isa = PBXBuildFile; fileRef = 96A4BAB526B6ABCF00727880 /* SafePlaceController.swift */; };
		96A4BAB826B7E4B600727880 /* SaveRecording.storyboard in Resources */ = {isa = PBXBuildFile; fileRef = 96A4BAB726B7E4B600727880 /* SaveRecording.storyboard */; };
		96A4BABA26B7E4C700727880 /* SaveRecordingController.swift in Sources */ = {isa = PBXBuildFile; fileRef = 96A4BAB926B7E4C700727880 /* SaveRecordingController.swift */; };
		96F9963F26B82C6D00877D5B /* StringHelper.swift in Sources */ = {isa = PBXBuildFile; fileRef = 96F9963E26B82C6D00877D5B /* StringHelper.swift */; };
		96F9964126B8C3C800877D5B /* RecordingList.storyboard in Resources */ = {isa = PBXBuildFile; fileRef = 96F9964026B8C3C800877D5B /* RecordingList.storyboard */; };
		96F9964426B8C3F700877D5B /* RecordingListTVC.swift in Sources */ = {isa = PBXBuildFile; fileRef = 96F9964226B8C3F700877D5B /* RecordingListTVC.swift */; };
		96F9964526B8C3F700877D5B /* RecordingListTVC.xib in Resources */ = {isa = PBXBuildFile; fileRef = 96F9964326B8C3F700877D5B /* RecordingListTVC.xib */; };
		96F9964726B8CB6100877D5B /* RecordingListController.swift in Sources */ = {isa = PBXBuildFile; fileRef = 96F9964626B8CB6100877D5B /* RecordingListController.swift */; };
/* End PBXBuildFile section */

/* Begin PBXFileReference section */
		005BF04326B295FD00618C3A /* Main.storyboard */ = {isa = PBXFileReference; lastKnownFileType = file.storyboard; path = Main.storyboard; sourceTree = "<group>"; };
		005BF04F26B2988000618C3A /* ListSupportSystem.storyboard */ = {isa = PBXFileReference; lastKnownFileType = file.storyboard; path = ListSupportSystem.storyboard; sourceTree = "<group>"; };
		005BF05126B29D0700618C3A /* ListSupportSystemViewController.swift */ = {isa = PBXFileReference; lastKnownFileType = sourcecode.swift; path = ListSupportSystemViewController.swift; sourceTree = "<group>"; };
		005BF05426B2A76900618C3A /* SupportSystemCell.swift */ = {isa = PBXFileReference; lastKnownFileType = sourcecode.swift; path = SupportSystemCell.swift; sourceTree = "<group>"; };
		005BF05526B2A76900618C3A /* SupportSystemCell.xib */ = {isa = PBXFileReference; lastKnownFileType = file.xib; path = SupportSystemCell.xib; sourceTree = "<group>"; };
		005BF05826B2ABA800618C3A /* ListSupportSystemViewController+TableViewDataSource+TableViewDelegate.swift */ = {isa = PBXFileReference; lastKnownFileType = sourcecode.swift; path = "ListSupportSystemViewController+TableViewDataSource+TableViewDelegate.swift"; sourceTree = "<group>"; };
		0091B07726BE8EB200522D2C /* Recommendation.storyboard */ = {isa = PBXFileReference; lastKnownFileType = file.storyboard; path = Recommendation.storyboard; sourceTree = "<group>"; };
		0091B07926BE8EF600522D2C /* RecommendationViewController.swift */ = {isa = PBXFileReference; lastKnownFileType = sourcecode.swift; path = RecommendationViewController.swift; sourceTree = "<group>"; };
		0091B07B26BE902E00522D2C /* Recommendation+TableViewDataSource+TableViewDelegate.swift */ = {isa = PBXFileReference; lastKnownFileType = sourcecode.swift; path = "Recommendation+TableViewDataSource+TableViewDelegate.swift"; sourceTree = "<group>"; };
		00B5111726B7D1D100F44394 /* FetchSupportSystemData.swift */ = {isa = PBXFileReference; lastKnownFileType = sourcecode.swift; path = FetchSupportSystemData.swift; sourceTree = "<group>"; };
		00FA70E226B562EF004D6DD3 /* DetailSupportSystem.storyboard */ = {isa = PBXFileReference; lastKnownFileType = file.storyboard; path = DetailSupportSystem.storyboard; sourceTree = "<group>"; };
		00FA70E426B56313004D6DD3 /* DetailSupportSystemViewController.swift */ = {isa = PBXFileReference; lastKnownFileType = sourcecode.swift; path = DetailSupportSystemViewController.swift; sourceTree = "<group>"; };
		96121EB126B29199005B57E7 /* CureHeart.app */ = {isa = PBXFileReference; explicitFileType = wrapper.application; includeInIndex = 0; path = CureHeart.app; sourceTree = BUILT_PRODUCTS_DIR; };
		96121EB426B29199005B57E7 /* AppDelegate.swift */ = {isa = PBXFileReference; lastKnownFileType = sourcecode.swift; path = AppDelegate.swift; sourceTree = "<group>"; };
		96121EB626B29199005B57E7 /* SceneDelegate.swift */ = {isa = PBXFileReference; lastKnownFileType = sourcecode.swift; path = SceneDelegate.swift; sourceTree = "<group>"; };
		96121EC026B29199005B57E7 /* Assets.xcassets */ = {isa = PBXFileReference; lastKnownFileType = folder.assetcatalog; path = Assets.xcassets; sourceTree = "<group>"; };
		96121EC326B29199005B57E7 /* Base */ = {isa = PBXFileReference; lastKnownFileType = file.storyboard; name = Base; path = Base.lproj/LaunchScreen.storyboard; sourceTree = "<group>"; };
		96121EC526B29199005B57E7 /* Info.plist */ = {isa = PBXFileReference; lastKnownFileType = text.plist.xml; path = Info.plist; sourceTree = "<group>"; };
		9640AC5826B69A8B00AE205F /* RecordingModel.xcdatamodel */ = {isa = PBXFileReference; lastKnownFileType = wrapper.xcdatamodel; path = RecordingModel.xcdatamodel; sourceTree = "<group>"; };
		9640AC5B26B6A09600AE205F /* RecordingModel.swift */ = {isa = PBXFileReference; lastKnownFileType = sourcecode.swift; path = RecordingModel.swift; sourceTree = "<group>"; };
		9640AC5D26B6A0B900AE205F /* Response.swift */ = {isa = PBXFileReference; lastKnownFileType = sourcecode.swift; path = Response.swift; sourceTree = "<group>"; };
		9640AC6026B6A10900AE205F /* DateTimeHelper.swift */ = {isa = PBXFileReference; lastKnownFileType = sourcecode.swift; path = DateTimeHelper.swift; sourceTree = "<group>"; };
		9640AC6226B6A2B400AE205F /* FolderModel.swift */ = {isa = PBXFileReference; lastKnownFileType = sourcecode.swift; path = FolderModel.swift; sourceTree = "<group>"; };
		9640AC6426B6A5BE00AE205F /* FolderCell.swift */ = {isa = PBXFileReference; lastKnownFileType = sourcecode.swift; path = FolderCell.swift; sourceTree = "<group>"; };
		9640AC6526B6A5BE00AE205F /* FolderCell.xib */ = {isa = PBXFileReference; lastKnownFileType = file.xib; path = FolderCell.xib; sourceTree = "<group>"; };
		9684042E26B4284C00FA0A58 /* Recording.storyboard */ = {isa = PBXFileReference; lastKnownFileType = file.storyboard; path = Recording.storyboard; sourceTree = "<group>"; };
		9684043026B4291D00FA0A58 /* RecordingController.swift */ = {isa = PBXFileReference; lastKnownFileType = sourcecode.swift; path = RecordingController.swift; sourceTree = "<group>"; };
		9684043326B42B4200FA0A58 /* AGManager.swift */ = {isa = PBXFileReference; lastKnownFileType = sourcecode.swift; path = AGManager.swift; sourceTree = "<group>"; };
		9684043526B42B9F00FA0A58 /* AGAudioRecorder.swift */ = {isa = PBXFileReference; lastKnownFileType = sourcecode.swift; path = AGAudioRecorder.swift; sourceTree = "<group>"; };
		9684043726B42BB700FA0A58 /* AGAudioPlayer.swift */ = {isa = PBXFileReference; lastKnownFileType = sourcecode.swift; path = AGAudioPlayer.swift; sourceTree = "<group>"; };
		9684043926B42BCE00FA0A58 /* AGFileManager.swift */ = {isa = PBXFileReference; lastKnownFileType = sourcecode.swift; path = AGFileManager.swift; sourceTree = "<group>"; };
		9684043D26B5619600FA0A58 /* SafePlace.storyboard */ = {isa = PBXFileReference; lastKnownFileType = file.storyboard; path = SafePlace.storyboard; sourceTree = "<group>"; };
		9699B98226B9347F00F83A4A /* PathHelper.swift */ = {isa = PBXFileReference; lastKnownFileType = sourcecode.swift; path = PathHelper.swift; sourceTree = "<group>"; };
		96A0970126C12F4C00F7B42F /* NoRecommendation.storyboard */ = {isa = PBXFileReference; lastKnownFileType = file.storyboard; path = NoRecommendation.storyboard; sourceTree = "<group>"; };
		96A0970326C12F7C00F7B42F /* NoRecommendationViewController.swift */ = {isa = PBXFileReference; lastKnownFileType = sourcecode.swift; path = NoRecommendationViewController.swift; sourceTree = "<group>"; };
		96A4BAAD26B6A9C900727880 /* UITableHelper.swift */ = {isa = PBXFileReference; lastKnownFileType = sourcecode.swift; path = UITableHelper.swift; sourceTree = "<group>"; };
		96A4BAAF26B6AA0B00727880 /* AlertHelper.swift */ = {isa = PBXFileReference; lastKnownFileType = sourcecode.swift; path = AlertHelper.swift; sourceTree = "<group>"; };
		96A4BAB526B6ABCF00727880 /* SafePlaceController.swift */ = {isa = PBXFileReference; lastKnownFileType = sourcecode.swift; path = SafePlaceController.swift; sourceTree = "<group>"; };
		96A4BAB726B7E4B600727880 /* SaveRecording.storyboard */ = {isa = PBXFileReference; lastKnownFileType = file.storyboard; path = SaveRecording.storyboard; sourceTree = "<group>"; };
		96A4BAB926B7E4C700727880 /* SaveRecordingController.swift */ = {isa = PBXFileReference; lastKnownFileType = sourcecode.swift; path = SaveRecordingController.swift; sourceTree = "<group>"; };
		96F9963E26B82C6D00877D5B /* StringHelper.swift */ = {isa = PBXFileReference; lastKnownFileType = sourcecode.swift; path = StringHelper.swift; sourceTree = "<group>"; };
		96F9964026B8C3C800877D5B /* RecordingList.storyboard */ = {isa = PBXFileReference; lastKnownFileType = file.storyboard; path = RecordingList.storyboard; sourceTree = "<group>"; };
		96F9964226B8C3F700877D5B /* RecordingListTVC.swift */ = {isa = PBXFileReference; lastKnownFileType = sourcecode.swift; path = RecordingListTVC.swift; sourceTree = "<group>"; };
		96F9964326B8C3F700877D5B /* RecordingListTVC.xib */ = {isa = PBXFileReference; lastKnownFileType = file.xib; path = RecordingListTVC.xib; sourceTree = "<group>"; };
		96F9964626B8CB6100877D5B /* RecordingListController.swift */ = {isa = PBXFileReference; lastKnownFileType = sourcecode.swift; path = RecordingListController.swift; sourceTree = "<group>"; };
/* End PBXFileReference section */

/* Begin PBXFrameworksBuildPhase section */
		96121EAE26B29198005B57E7 /* Frameworks */ = {
			isa = PBXFrameworksBuildPhase;
			buildActionMask = 2147483647;
			files = (
			);
			runOnlyForDeploymentPostprocessing = 0;
		};
/* End PBXFrameworksBuildPhase section */

/* Begin PBXGroup section */
		005BF03C26B2945000618C3A /* Application */ = {
			isa = PBXGroup;
			children = (
				96121EB626B29199005B57E7 /* SceneDelegate.swift */,
				96121EB426B29199005B57E7 /* AppDelegate.swift */,
			);
			path = Application;
			sourceTree = "<group>";
		};
		005BF03D26B2948000618C3A /* Features */ = {
			isa = PBXGroup;
			children = (
				9684042926B4269D00FA0A58 /* SafePlace */,
				005BF04826B2967200618C3A /* SupportSystem */,
				005BF04326B295FD00618C3A /* Main.storyboard */,
			);
			path = Features;
			sourceTree = "<group>";
		};
		005BF03E26B2949D00618C3A /* Helper */ = {
			isa = PBXGroup;
			children = (
				00B5111726B7D1D100F44394 /* FetchSupportSystemData.swift */,
			);
			path = Helper;
			sourceTree = "<group>";
		};
		005BF03F26B294A600618C3A /* Themes */ = {
			isa = PBXGroup;
			children = (
				005BF04126B2952100618C3A /* UI */,
				005BF04226B2952800618C3A /* Colors */,
			);
			path = Themes;
			sourceTree = "<group>";
		};
		005BF04026B294AC00618C3A /* Utilities */ = {
			isa = PBXGroup;
			children = (
			);
			path = Utilities;
			sourceTree = "<group>";
		};
		005BF04126B2952100618C3A /* UI */ = {
			isa = PBXGroup;
			children = (
				005BF05326B2A72300618C3A /* Support System Cell */,
			);
			path = UI;
			sourceTree = "<group>";
		};
		005BF04226B2952800618C3A /* Colors */ = {
			isa = PBXGroup;
			children = (
			);
			path = Colors;
			sourceTree = "<group>";
		};
		005BF04826B2967200618C3A /* SupportSystem */ = {
			isa = PBXGroup;
			children = (
				005BF04A26B296C300618C3A /* Modules */,
				005BF04926B296BE00618C3A /* Model */,
			);
			path = SupportSystem;
			sourceTree = "<group>";
		};
		005BF04926B296BE00618C3A /* Model */ = {
			isa = PBXGroup;
			children = (
			);
			path = Model;
			sourceTree = "<group>";
		};
		005BF04A26B296C300618C3A /* Modules */ = {
			isa = PBXGroup;
			children = (
				00FA70DF26B562D4004D6DD3 /* DetailSupportSystem */,
				005BF04C26B296DE00618C3A /* ListSupportSystem */,
			);
			path = Modules;
			sourceTree = "<group>";
		};
		005BF04C26B296DE00618C3A /* ListSupportSystem */ = {
			isa = PBXGroup;
			children = (
				005BF04D26B296F200618C3A /* View */,
				005BF04E26B2970100618C3A /* Controller */,
			);
			path = ListSupportSystem;
			sourceTree = "<group>";
		};
		005BF04D26B296F200618C3A /* View */ = {
			isa = PBXGroup;
			children = (
				005BF04F26B2988000618C3A /* ListSupportSystem.storyboard */,
			);
			path = View;
			sourceTree = "<group>";
		};
		005BF04E26B2970100618C3A /* Controller */ = {
			isa = PBXGroup;
			children = (
				005BF05126B29D0700618C3A /* ListSupportSystemViewController.swift */,
				005BF05826B2ABA800618C3A /* ListSupportSystemViewController+TableViewDataSource+TableViewDelegate.swift */,
			);
			path = Controller;
			sourceTree = "<group>";
		};
		005BF05326B2A72300618C3A /* Support System Cell */ = {
			isa = PBXGroup;
			children = (
				005BF05426B2A76900618C3A /* SupportSystemCell.swift */,
				005BF05526B2A76900618C3A /* SupportSystemCell.xib */,
			);
			path = "Support System Cell";
			sourceTree = "<group>";
		};
		00FA70DF26B562D4004D6DD3 /* DetailSupportSystem */ = {
			isa = PBXGroup;
			children = (
				00FA70E126B562E4004D6DD3 /* View */,
				00FA70E026B562DF004D6DD3 /* Controller */,
			);
			path = DetailSupportSystem;
			sourceTree = "<group>";
		};
		00FA70E026B562DF004D6DD3 /* Controller */ = {
			isa = PBXGroup;
			children = (
				00FA70E426B56313004D6DD3 /* DetailSupportSystemViewController.swift */,
			);
			path = Controller;
			sourceTree = "<group>";
		};
		00FA70E126B562E4004D6DD3 /* View */ = {
			isa = PBXGroup;
			children = (
				00FA70E226B562EF004D6DD3 /* DetailSupportSystem.storyboard */,
			);
			path = View;
			sourceTree = "<group>";
		};
		96121EA826B29198005B57E7 = {
			isa = PBXGroup;
			children = (
				96121EB326B29199005B57E7 /* CureHeart */,
				96121EB226B29199005B57E7 /* Products */,
			);
			sourceTree = "<group>";
		};
		96121EB226B29199005B57E7 /* Products */ = {
			isa = PBXGroup;
			children = (
				96121EB126B29199005B57E7 /* CureHeart.app */,
			);
			name = Products;
			sourceTree = "<group>";
		};
		96121EB326B29199005B57E7 /* CureHeart */ = {
			isa = PBXGroup;
			children = (
				9640AC5F26B6A0F800AE205F /* Helper */,
				005BF03C26B2945000618C3A /* Application */,
				005BF03D26B2948000618C3A /* Features */,
				9640AC5A26B6A06A00AE205F /* Model */,
				005BF03E26B2949D00618C3A /* Helper */,
				005BF03F26B294A600618C3A /* Themes */,
				005BF04026B294AC00618C3A /* Utilities */,
				96121EC026B29199005B57E7 /* Assets.xcassets */,
				96121EC226B29199005B57E7 /* LaunchScreen.storyboard */,
				96121EC526B29199005B57E7 /* Info.plist */,
			);
			path = CureHeart;
			sourceTree = "<group>";
		};
		9640AC5A26B6A06A00AE205F /* Model */ = {
			isa = PBXGroup;
			children = (
				9640AC5D26B6A0B900AE205F /* Response.swift */,
				9640AC5B26B6A09600AE205F /* RecordingModel.swift */,
				9640AC6226B6A2B400AE205F /* FolderModel.swift */,
				9640AC5726B69A8B00AE205F /* CureHeart.xcdatamodeld */,
			);
			path = Model;
			sourceTree = "<group>";
		};
		9640AC5F26B6A0F800AE205F /* Helper */ = {
			isa = PBXGroup;
			children = (
				9640AC6026B6A10900AE205F /* DateTimeHelper.swift */,
				96A4BAAD26B6A9C900727880 /* UITableHelper.swift */,
				96A4BAAF26B6AA0B00727880 /* AlertHelper.swift */,
				96F9963E26B82C6D00877D5B /* StringHelper.swift */,
				9699B98226B9347F00F83A4A /* PathHelper.swift */,
			);
			path = Helper;
			sourceTree = "<group>";
		};
		9640AC6826B6A70800AE205F /* Controller */ = {
			isa = PBXGroup;
			children = (
				9640AC6426B6A5BE00AE205F /* FolderCell.swift */,
				96A4BAB526B6ABCF00727880 /* SafePlaceController.swift */,
			);
			path = Controller;
			sourceTree = "<group>";
		};
		9684042926B4269D00FA0A58 /* SafePlace */ = {
			isa = PBXGroup;
			children = (
				9684042B26B426AE00FA0A58 /* Modules */,
			);
			path = SafePlace;
			sourceTree = "<group>";
		};
		9684042A26B426A300FA0A58 /* Controller */ = {
			isa = PBXGroup;
			children = (
				9684043026B4291D00FA0A58 /* RecordingController.swift */,
				96A4BAB926B7E4C700727880 /* SaveRecordingController.swift */,
				96F9964226B8C3F700877D5B /* RecordingListTVC.swift */,
				96F9964626B8CB6100877D5B /* RecordingListController.swift */,
				0091B07926BE8EF600522D2C /* RecommendationViewController.swift */,
				0091B07B26BE902E00522D2C /* Recommendation+TableViewDataSource+TableViewDelegate.swift */,
				96A0970326C12F7C00F7B42F /* NoRecommendationViewController.swift */,
			);
			path = Controller;
			sourceTree = "<group>";
		};
		9684042B26B426AE00FA0A58 /* Modules */ = {
			isa = PBXGroup;
			children = (
				9684043B26B5617A00FA0A58 /* SafePlace */,
				9684042C26B426B700FA0A58 /* Recording */,
			);
			path = Modules;
			sourceTree = "<group>";
		};
		9684042C26B426B700FA0A58 /* Recording */ = {
			isa = PBXGroup;
			children = (
				9684043226B42B2300FA0A58 /* Ext */,
				9684042D26B426CB00FA0A58 /* View */,
				9684042A26B426A300FA0A58 /* Controller */,
			);
			path = Recording;
			sourceTree = "<group>";
		};
		9684042D26B426CB00FA0A58 /* View */ = {
			isa = PBXGroup;
			children = (
				9684042E26B4284C00FA0A58 /* Recording.storyboard */,
				96A4BAB726B7E4B600727880 /* SaveRecording.storyboard */,
				96F9964026B8C3C800877D5B /* RecordingList.storyboard */,
				96F9964326B8C3F700877D5B /* RecordingListTVC.xib */,
				0091B07726BE8EB200522D2C /* Recommendation.storyboard */,
				96A0970126C12F4C00F7B42F /* NoRecommendation.storyboard */,
			);
			path = View;
			sourceTree = "<group>";
		};
		9684043226B42B2300FA0A58 /* Ext */ = {
			isa = PBXGroup;
			children = (
				9684043326B42B4200FA0A58 /* AGManager.swift */,
				9684043526B42B9F00FA0A58 /* AGAudioRecorder.swift */,
				9684043726B42BB700FA0A58 /* AGAudioPlayer.swift */,
				9684043926B42BCE00FA0A58 /* AGFileManager.swift */,
			);
			path = Ext;
			sourceTree = "<group>";
		};
		9684043B26B5617A00FA0A58 /* SafePlace */ = {
			isa = PBXGroup;
			children = (
				9640AC6826B6A70800AE205F /* Controller */,
				9684043C26B5618600FA0A58 /* View */,
			);
			path = SafePlace;
			sourceTree = "<group>";
		};
		9684043C26B5618600FA0A58 /* View */ = {
			isa = PBXGroup;
			children = (
				9684043D26B5619600FA0A58 /* SafePlace.storyboard */,
				9640AC6526B6A5BE00AE205F /* FolderCell.xib */,
			);
			path = View;
			sourceTree = "<group>";
		};
/* End PBXGroup section */

/* Begin PBXNativeTarget section */
		96121EB026B29198005B57E7 /* CureHeart */ = {
			isa = PBXNativeTarget;
			buildConfigurationList = 96121EC826B29199005B57E7 /* Build configuration list for PBXNativeTarget "CureHeart" */;
			buildPhases = (
				96121EAD26B29198005B57E7 /* Sources */,
				96121EAE26B29198005B57E7 /* Frameworks */,
				96121EAF26B29198005B57E7 /* Resources */,
			);
			buildRules = (
			);
			dependencies = (
			);
			name = CureHeart;
			productName = CureHeart;
			productReference = 96121EB126B29199005B57E7 /* CureHeart.app */;
			productType = "com.apple.product-type.application";
		};
/* End PBXNativeTarget section */

/* Begin PBXProject section */
		96121EA926B29198005B57E7 /* Project object */ = {
			isa = PBXProject;
			attributes = {
				LastSwiftUpdateCheck = 1250;
				LastUpgradeCheck = 1250;
				TargetAttributes = {
					96121EB026B29198005B57E7 = {
						CreatedOnToolsVersion = 12.5;
					};
				};
			};
			buildConfigurationList = 96121EAC26B29198005B57E7 /* Build configuration list for PBXProject "CureHeart" */;
			compatibilityVersion = "Xcode 9.3";
			developmentRegion = en;
			hasScannedForEncodings = 0;
			knownRegions = (
				en,
				Base,
			);
			mainGroup = 96121EA826B29198005B57E7;
			productRefGroup = 96121EB226B29199005B57E7 /* Products */;
			projectDirPath = "";
			projectRoot = "";
			targets = (
				96121EB026B29198005B57E7 /* CureHeart */,
			);
		};
/* End PBXProject section */

/* Begin PBXResourcesBuildPhase section */
		96121EAF26B29198005B57E7 /* Resources */ = {
			isa = PBXResourcesBuildPhase;
			buildActionMask = 2147483647;
			files = (
				005BF04426B295FD00618C3A /* Main.storyboard in Resources */,
				005BF05726B2A76900618C3A /* SupportSystemCell.xib in Resources */,
				9684043E26B5619600FA0A58 /* SafePlace.storyboard in Resources */,
				9684042F26B4284C00FA0A58 /* Recording.storyboard in Resources */,
				0091B07826BE8EB200522D2C /* Recommendation.storyboard in Resources */,
				96F9964126B8C3C800877D5B /* RecordingList.storyboard in Resources */,
				96F9964526B8C3F700877D5B /* RecordingListTVC.xib in Resources */,
				005BF05026B2988000618C3A /* ListSupportSystem.storyboard in Resources */,
				96A0970226C12F4C00F7B42F /* NoRecommendation.storyboard in Resources */,
				96A4BAB826B7E4B600727880 /* SaveRecording.storyboard in Resources */,
				9640AC6726B6A5BE00AE205F /* FolderCell.xib in Resources */,
				96121EC426B29199005B57E7 /* LaunchScreen.storyboard in Resources */,
				00FA70E326B562EF004D6DD3 /* DetailSupportSystem.storyboard in Resources */,
				96121EC126B29199005B57E7 /* Assets.xcassets in Resources */,
			);
			runOnlyForDeploymentPostprocessing = 0;
		};
/* End PBXResourcesBuildPhase section */

/* Begin PBXSourcesBuildPhase section */
		96121EAD26B29198005B57E7 /* Sources */ = {
			isa = PBXSourcesBuildPhase;
			buildActionMask = 2147483647;
			files = (
				9699B98326B9347F00F83A4A /* PathHelper.swift in Sources */,
				9684043826B42BB700FA0A58 /* AGAudioPlayer.swift in Sources */,
				9640AC6626B6A5BE00AE205F /* FolderCell.swift in Sources */,
				005BF05926B2ABA800618C3A /* ListSupportSystemViewController+TableViewDataSource+TableViewDelegate.swift in Sources */,
				005BF05226B29D0700618C3A /* ListSupportSystemViewController.swift in Sources */,
				96A4BABA26B7E4C700727880 /* SaveRecordingController.swift in Sources */,
				96A4BAB626B6ABCF00727880 /* SafePlaceController.swift in Sources */,
				9684043126B4291D00FA0A58 /* RecordingController.swift in Sources */,
				96F9964426B8C3F700877D5B /* RecordingListTVC.swift in Sources */,
				00FA70E526B56313004D6DD3 /* DetailSupportSystemViewController.swift in Sources */,
				96121EB526B29199005B57E7 /* AppDelegate.swift in Sources */,
				00B5111826B7D1D100F44394 /* FetchSupportSystemData.swift in Sources */,
				96A4BAB026B6AA0B00727880 /* AlertHelper.swift in Sources */,
				9640AC5E26B6A0B900AE205F /* Response.swift in Sources */,
				9684043626B42B9F00FA0A58 /* AGAudioRecorder.swift in Sources */,
				9684043426B42B4200FA0A58 /* AGManager.swift in Sources */,
				0091B07C26BE902E00522D2C /* Recommendation+TableViewDataSource+TableViewDelegate.swift in Sources */,
				9640AC6326B6A2B400AE205F /* FolderModel.swift in Sources */,
				9684043A26B42BCE00FA0A58 /* AGFileManager.swift in Sources */,
				96A4BAAE26B6A9C900727880 /* UITableHelper.swift in Sources */,
				96A0970426C12F7C00F7B42F /* NoRecommendationViewController.swift in Sources */,
				9640AC6126B6A10900AE205F /* DateTimeHelper.swift in Sources */,
				9640AC5926B69A8B00AE205F /* CureHeart.xcdatamodeld in Sources */,
				0091B07A26BE8EF600522D2C /* RecommendationViewController.swift in Sources */,
				96F9964726B8CB6100877D5B /* RecordingListController.swift in Sources */,
				9640AC5C26B6A09600AE205F /* RecordingModel.swift in Sources */,
				96F9963F26B82C6D00877D5B /* StringHelper.swift in Sources */,
				96121EB726B29199005B57E7 /* SceneDelegate.swift in Sources */,
				005BF05626B2A76900618C3A /* SupportSystemCell.swift in Sources */,
			);
			runOnlyForDeploymentPostprocessing = 0;
		};
/* End PBXSourcesBuildPhase section */

/* Begin PBXVariantGroup section */
		96121EC226B29199005B57E7 /* LaunchScreen.storyboard */ = {
			isa = PBXVariantGroup;
			children = (
				96121EC326B29199005B57E7 /* Base */,
			);
			name = LaunchScreen.storyboard;
			sourceTree = "<group>";
		};
/* End PBXVariantGroup section */

/* Begin XCBuildConfiguration section */
		96121EC626B29199005B57E7 /* Debug */ = {
			isa = XCBuildConfiguration;
			buildSettings = {
				ALWAYS_SEARCH_USER_PATHS = NO;
				CLANG_ANALYZER_NONNULL = YES;
				CLANG_ANALYZER_NUMBER_OBJECT_CONVERSION = YES_AGGRESSIVE;
				CLANG_CXX_LANGUAGE_STANDARD = "gnu++14";
				CLANG_CXX_LIBRARY = "libc++";
				CLANG_ENABLE_MODULES = YES;
				CLANG_ENABLE_OBJC_ARC = YES;
				CLANG_ENABLE_OBJC_WEAK = YES;
				CLANG_WARN_BLOCK_CAPTURE_AUTORELEASING = YES;
				CLANG_WARN_BOOL_CONVERSION = YES;
				CLANG_WARN_COMMA = YES;
				CLANG_WARN_CONSTANT_CONVERSION = YES;
				CLANG_WARN_DEPRECATED_OBJC_IMPLEMENTATIONS = YES;
				CLANG_WARN_DIRECT_OBJC_ISA_USAGE = YES_ERROR;
				CLANG_WARN_DOCUMENTATION_COMMENTS = YES;
				CLANG_WARN_EMPTY_BODY = YES;
				CLANG_WARN_ENUM_CONVERSION = YES;
				CLANG_WARN_INFINITE_RECURSION = YES;
				CLANG_WARN_INT_CONVERSION = YES;
				CLANG_WARN_NON_LITERAL_NULL_CONVERSION = YES;
				CLANG_WARN_OBJC_IMPLICIT_RETAIN_SELF = YES;
				CLANG_WARN_OBJC_LITERAL_CONVERSION = YES;
				CLANG_WARN_OBJC_ROOT_CLASS = YES_ERROR;
				CLANG_WARN_QUOTED_INCLUDE_IN_FRAMEWORK_HEADER = YES;
				CLANG_WARN_RANGE_LOOP_ANALYSIS = YES;
				CLANG_WARN_STRICT_PROTOTYPES = YES;
				CLANG_WARN_SUSPICIOUS_MOVE = YES;
				CLANG_WARN_UNGUARDED_AVAILABILITY = YES_AGGRESSIVE;
				CLANG_WARN_UNREACHABLE_CODE = YES;
				CLANG_WARN__DUPLICATE_METHOD_MATCH = YES;
				COPY_PHASE_STRIP = NO;
				DEBUG_INFORMATION_FORMAT = dwarf;
				ENABLE_STRICT_OBJC_MSGSEND = YES;
				ENABLE_TESTABILITY = YES;
				GCC_C_LANGUAGE_STANDARD = gnu11;
				GCC_DYNAMIC_NO_PIC = NO;
				GCC_NO_COMMON_BLOCKS = YES;
				GCC_OPTIMIZATION_LEVEL = 0;
				GCC_PREPROCESSOR_DEFINITIONS = (
					"DEBUG=1",
					"$(inherited)",
				);
				GCC_WARN_64_TO_32_BIT_CONVERSION = YES;
				GCC_WARN_ABOUT_RETURN_TYPE = YES_ERROR;
				GCC_WARN_UNDECLARED_SELECTOR = YES;
				GCC_WARN_UNINITIALIZED_AUTOS = YES_AGGRESSIVE;
				GCC_WARN_UNUSED_FUNCTION = YES;
				GCC_WARN_UNUSED_VARIABLE = YES;
				IPHONEOS_DEPLOYMENT_TARGET = 14.5;
				MTL_ENABLE_DEBUG_INFO = INCLUDE_SOURCE;
				MTL_FAST_MATH = YES;
				ONLY_ACTIVE_ARCH = YES;
				SDKROOT = iphoneos;
				SWIFT_ACTIVE_COMPILATION_CONDITIONS = DEBUG;
				SWIFT_OPTIMIZATION_LEVEL = "-Onone";
			};
			name = Debug;
		};
		96121EC726B29199005B57E7 /* Release */ = {
			isa = XCBuildConfiguration;
			buildSettings = {
				ALWAYS_SEARCH_USER_PATHS = NO;
				CLANG_ANALYZER_NONNULL = YES;
				CLANG_ANALYZER_NUMBER_OBJECT_CONVERSION = YES_AGGRESSIVE;
				CLANG_CXX_LANGUAGE_STANDARD = "gnu++14";
				CLANG_CXX_LIBRARY = "libc++";
				CLANG_ENABLE_MODULES = YES;
				CLANG_ENABLE_OBJC_ARC = YES;
				CLANG_ENABLE_OBJC_WEAK = YES;
				CLANG_WARN_BLOCK_CAPTURE_AUTORELEASING = YES;
				CLANG_WARN_BOOL_CONVERSION = YES;
				CLANG_WARN_COMMA = YES;
				CLANG_WARN_CONSTANT_CONVERSION = YES;
				CLANG_WARN_DEPRECATED_OBJC_IMPLEMENTATIONS = YES;
				CLANG_WARN_DIRECT_OBJC_ISA_USAGE = YES_ERROR;
				CLANG_WARN_DOCUMENTATION_COMMENTS = YES;
				CLANG_WARN_EMPTY_BODY = YES;
				CLANG_WARN_ENUM_CONVERSION = YES;
				CLANG_WARN_INFINITE_RECURSION = YES;
				CLANG_WARN_INT_CONVERSION = YES;
				CLANG_WARN_NON_LITERAL_NULL_CONVERSION = YES;
				CLANG_WARN_OBJC_IMPLICIT_RETAIN_SELF = YES;
				CLANG_WARN_OBJC_LITERAL_CONVERSION = YES;
				CLANG_WARN_OBJC_ROOT_CLASS = YES_ERROR;
				CLANG_WARN_QUOTED_INCLUDE_IN_FRAMEWORK_HEADER = YES;
				CLANG_WARN_RANGE_LOOP_ANALYSIS = YES;
				CLANG_WARN_STRICT_PROTOTYPES = YES;
				CLANG_WARN_SUSPICIOUS_MOVE = YES;
				CLANG_WARN_UNGUARDED_AVAILABILITY = YES_AGGRESSIVE;
				CLANG_WARN_UNREACHABLE_CODE = YES;
				CLANG_WARN__DUPLICATE_METHOD_MATCH = YES;
				COPY_PHASE_STRIP = NO;
				DEBUG_INFORMATION_FORMAT = "dwarf-with-dsym";
				ENABLE_NS_ASSERTIONS = NO;
				ENABLE_STRICT_OBJC_MSGSEND = YES;
				GCC_C_LANGUAGE_STANDARD = gnu11;
				GCC_NO_COMMON_BLOCKS = YES;
				GCC_WARN_64_TO_32_BIT_CONVERSION = YES;
				GCC_WARN_ABOUT_RETURN_TYPE = YES_ERROR;
				GCC_WARN_UNDECLARED_SELECTOR = YES;
				GCC_WARN_UNINITIALIZED_AUTOS = YES_AGGRESSIVE;
				GCC_WARN_UNUSED_FUNCTION = YES;
				GCC_WARN_UNUSED_VARIABLE = YES;
				IPHONEOS_DEPLOYMENT_TARGET = 14.5;
				MTL_ENABLE_DEBUG_INFO = NO;
				MTL_FAST_MATH = YES;
				SDKROOT = iphoneos;
				SWIFT_COMPILATION_MODE = wholemodule;
				SWIFT_OPTIMIZATION_LEVEL = "-O";
				VALIDATE_PRODUCT = YES;
			};
			name = Release;
		};
		96121EC926B29199005B57E7 /* Debug */ = {
			isa = XCBuildConfiguration;
			buildSettings = {
				ASSETCATALOG_COMPILER_APPICON_NAME = AppIcon;
				ASSETCATALOG_COMPILER_GLOBAL_ACCENT_COLOR_NAME = AccentColor;
				CODE_SIGN_STYLE = Automatic;
				CURRENT_PROJECT_VERSION = 2;
				DEVELOPMENT_TEAM = AQ243C2X36;
				INFOPLIST_FILE = CureHeart/Info.plist;
				LD_RUNPATH_SEARCH_PATHS = (
					"$(inherited)",
					"@executable_path/Frameworks",
				);
				PRODUCT_BUNDLE_IDENTIFIER = com.drmp.test.CureHeart;
				PRODUCT_NAME = "$(TARGET_NAME)";
				SWIFT_VERSION = 5.0;
				TARGETED_DEVICE_FAMILY = "1,2";
			};
			name = Debug;
		};
		96121ECA26B29199005B57E7 /* Release */ = {
			isa = XCBuildConfiguration;
			buildSettings = {
				ASSETCATALOG_COMPILER_APPICON_NAME = AppIcon;
				ASSETCATALOG_COMPILER_GLOBAL_ACCENT_COLOR_NAME = AccentColor;
				CODE_SIGN_STYLE = Automatic;
				CURRENT_PROJECT_VERSION = 2;
				DEVELOPMENT_TEAM = AQ243C2X36;
				INFOPLIST_FILE = CureHeart/Info.plist;
				LD_RUNPATH_SEARCH_PATHS = (
					"$(inherited)",
					"@executable_path/Frameworks",
				);
				PRODUCT_BUNDLE_IDENTIFIER = com.drmp.test.CureHeart;
				PRODUCT_NAME = "$(TARGET_NAME)";
				SWIFT_VERSION = 5.0;
				TARGETED_DEVICE_FAMILY = "1,2";
			};
			name = Release;
		};
/* End XCBuildConfiguration section */

/* Begin XCConfigurationList section */
		96121EAC26B29198005B57E7 /* Build configuration list for PBXProject "CureHeart" */ = {
			isa = XCConfigurationList;
			buildConfigurations = (
				96121EC626B29199005B57E7 /* Debug */,
				96121EC726B29199005B57E7 /* Release */,
			);
			defaultConfigurationIsVisible = 0;
			defaultConfigurationName = Release;
		};
		96121EC826B29199005B57E7 /* Build configuration list for PBXNativeTarget "CureHeart" */ = {
			isa = XCConfigurationList;
			buildConfigurations = (
				96121EC926B29199005B57E7 /* Debug */,
				96121ECA26B29199005B57E7 /* Release */,
			);
			defaultConfigurationIsVisible = 0;
			defaultConfigurationName = Release;
		};
/* End XCConfigurationList section */

/* Begin XCVersionGroup section */
		9640AC5726B69A8B00AE205F /* CureHeart.xcdatamodeld */ = {
			isa = XCVersionGroup;
			children = (
				9640AC5826B69A8B00AE205F /* RecordingModel.xcdatamodel */,
			);
			currentVersion = 9640AC5826B69A8B00AE205F /* RecordingModel.xcdatamodel */;
			path = CureHeart.xcdatamodeld;
			sourceTree = "<group>";
			versionGroupType = wrapper.xcdatamodel;
		};
/* End XCVersionGroup section */
	};
	rootObject = 96121EA926B29198005B57E7 /* Project object */;
}
